// !$*UTF8*$!
{
	archiveVersion = 1;
	classes = {
	};
	objectVersion = 50;
	objects = {

/* Begin PBXBuildFile section */
		6F214CD121A28AEE005AF982 /* AppDelegate.swift in Sources */ = {isa = PBXBuildFile; fileRef = 6F214CD021A28AEE005AF982 /* AppDelegate.swift */; };
		6F214CD321A28AF0005AF982 /* ViewController.swift in Sources */ = {isa = PBXBuildFile; fileRef = 6F214CD221A28AF0005AF982 /* ViewController.swift */; };
		6F214CD621A28AF0005AF982 /* Main.storyboard in Resources */ = {isa = PBXBuildFile; fileRef = 6F214CD421A28AF0005AF982 /* Main.storyboard */; };
		6F214CD821A28B01005AF982 /* Assets.xcassets in Resources */ = {isa = PBXBuildFile; fileRef = 6F214CD721A28B01005AF982 /* Assets.xcassets */; };
		6F214CDB21A28B01005AF982 /* LaunchScreen.storyboard in Resources */ = {isa = PBXBuildFile; fileRef = 6F214CD921A28B01005AF982 /* LaunchScreen.storyboard */; };
/* End PBXBuildFile section */

/* Begin PBXFileReference section */
		6F214CCD21A28AEE005AF982 /* InteractiveWalkThrough.app */ = {isa = PBXFileReference; explicitFileType = wrapper.application; includeInIndex = 0; path = InteractiveWalkThrough.app; sourceTree = BUILT_PRODUCTS_DIR; };
		6F214CD021A28AEE005AF982 /* AppDelegate.swift */ = {isa = PBXFileReference; lastKnownFileType = sourcecode.swift; path = AppDelegate.swift; sourceTree = "<group>"; };
		6F214CD221A28AF0005AF982 /* ViewController.swift */ = {isa = PBXFileReference; lastKnownFileType = sourcecode.swift; path = ViewController.swift; sourceTree = "<group>"; };
		6F214CD521A28AF0005AF982 /* Base */ = {isa = PBXFileReference; lastKnownFileType = file.storyboard; name = Base; path = Base.lproj/Main.storyboard; sourceTree = "<group>"; };
		6F214CD721A28B01005AF982 /* Assets.xcassets */ = {isa = PBXFileReference; lastKnownFileType = folder.assetcatalog; path = Assets.xcassets; sourceTree = "<group>"; };
		6F214CDA21A28B01005AF982 /* Base */ = {isa = PBXFileReference; lastKnownFileType = file.storyboard; name = Base; path = Base.lproj/LaunchScreen.storyboard; sourceTree = "<group>"; };
		6F214CDC21A28B01005AF982 /* Info.plist */ = {isa = PBXFileReference; lastKnownFileType = text.plist.xml; path = Info.plist; sourceTree = "<group>"; };
/* End PBXFileReference section */

/* Begin PBXFrameworksBuildPhase section */
		6F214CCA21A28AEE005AF982 /* Frameworks */ = {
			isa = PBXFrameworksBuildPhase;
			buildActionMask = 2147483647;
			files = (
			);
			runOnlyForDeploymentPostprocessing = 0;
		};
/* End PBXFrameworksBuildPhase section */

/* Begin PBXGroup section */
		6F214CC421A28AED005AF982 = {
			isa = PBXGroup;
			children = (
				6F214CCF21A28AEE005AF982 /* InteractiveWalkThrough */,
				6F214CCE21A28AEE005AF982 /* Products */,
			);
			sourceTree = "<group>";
		};
		6F214CCE21A28AEE005AF982 /* Products */ = {
			isa = PBXGroup;
			children = (
				6F214CCD21A28AEE005AF982 /* InteractiveWalkThrough.app */,
			);
			name = Products;
			sourceTree = "<group>";
		};
		6F214CCF21A28AEE005AF982 /* InteractiveWalkThrough */ = {
			isa = PBXGroup;
			children = (
				6F214CD021A28AEE005AF982 /* AppDelegate.swift */,
				6F214CD221A28AF0005AF982 /* ViewController.swift */,
				6F214CD421A28AF0005AF982 /* Main.storyboard */,
				6F214CD721A28B01005AF982 /* Assets.xcassets */,
				6F214CD921A28B01005AF982 /* LaunchScreen.storyboard */,
				6F214CDC21A28B01005AF982 /* Info.plist */,
			);
			path = InteractiveWalkThrough;
			sourceTree = "<group>";
		};
/* End PBXGroup section */

/* Begin PBXNativeTarget section */
		6F214CCC21A28AEE005AF982 /* InteractiveWalkThrough */ = {
			isa = PBXNativeTarget;
			buildConfigurationList = 6F214CDF21A28B01005AF982 /* Build configuration list for PBXNativeTarget "InteractiveWalkThrough" */;
			buildPhases = (
				6F214CC921A28AEE005AF982 /* Sources */,
				6F214CCA21A28AEE005AF982 /* Frameworks */,
				6F214CCB21A28AEE005AF982 /* Resources */,
			);
			buildRules = (
			);
			dependencies = (
			);
			name = InteractiveWalkThrough;
			productName = InteractiveWalkThrough;
			productReference = 6F214CCD21A28AEE005AF982 /* InteractiveWalkThrough.app */;
			productType = "com.apple.product-type.application";
		};
/* End PBXNativeTarget section */

/* Begin PBXProject section */
		6F214CC521A28AED005AF982 /* Project object */ = {
			isa = PBXProject;
			attributes = {
				LastSwiftUpdateCheck = 1010;
				LastUpgradeCheck = 1010;
				ORGANIZATIONNAME = Wis;
				TargetAttributes = {
					6F214CCC21A28AEE005AF982 = {
						CreatedOnToolsVersion = 10.1;
					};
				};
			};
			buildConfigurationList = 6F214CC821A28AED005AF982 /* Build configuration list for PBXProject "InteractiveWalkThrough" */;
			compatibilityVersion = "Xcode 9.3";
			developmentRegion = en;
			hasScannedForEncodings = 0;
			knownRegions = (
				en,
				Base,
			);
			mainGroup = 6F214CC421A28AED005AF982;
			productRefGroup = 6F214CCE21A28AEE005AF982 /* Products */;
			projectDirPath = "";
			projectRoot = "";
			targets = (
				6F214CCC21A28AEE005AF982 /* InteractiveWalkThrough */,
			);
		};
/* End PBXProject section */

/* Begin PBXResourcesBuildPhase section */
		6F214CCB21A28AEE005AF982 /* Resources */ = {
			isa = PBXResourcesBuildPhase;
			buildActionMask = 2147483647;
			files = (
				6F214CDB21A28B01005AF982 /* LaunchScreen.storyboard in Resources */,
				6F214CD821A28B01005AF982 /* Assets.xcassets in Resources */,
				6F214CD621A28AF0005AF982 /* Main.storyboard in Resources */,
			);
			runOnlyForDeploymentPostprocessing = 0;
		};
/* End PBXResourcesBuildPhase section */

/* Begin PBXSourcesBuildPhase section */
		6F214CC921A28AEE005AF982 /* Sources */ = {
			isa = PBXSourcesBuildPhase;
			buildActionMask = 2147483647;
			files = (
				6F214CD321A28AF0005AF982 /* ViewController.swift in Sources */,
				6F214CD121A28AEE005AF982 /* AppDelegate.swift in Sources */,
			);
			runOnlyForDeploymentPostprocessing = 0;
		};
/* End PBXSourcesBuildPhase section */

/* Begin PBXVariantGroup section */
		6F214CD421A28AF0005AF982 /* Main.storyboard */ = {
			isa = PBXVariantGroup;
			children = (
				6F214CD521A28AF0005AF982 /* Base */,
			);
			name = Main.storyboard;
			sourceTree = "<group>";
		};
		6F214CD921A28B01005AF982 /* LaunchScreen.storyboard */ = {
			isa = PBXVariantGroup;
			children = (
				6F214CDA21A28B01005AF982 /* Base */,
			);
			name = LaunchScreen.storyboard;
			sourceTree = "<group>";
		};
/* End PBXVariantGroup section */

/* Begin XCBuildConfiguration section */
		6F214CDD21A28B01005AF982 /* Debug */ = {
			isa = XCBuildConfiguration;
			buildSettings = {
				ALWAYS_SEARCH_USER_PATHS = NO;
				CLANG_ANALYZER_NONNULL = YES;
				CLANG_ANALYZER_NUMBER_OBJECT_CONVERSION = YES_AGGRESSIVE;
				CLANG_CXX_LANGUAGE_STANDARD = "gnu++14";
				CLANG_CXX_LIBRARY = "libc++";
				CLANG_ENABLE_MODULES = YES;
				CLANG_ENABLE_OBJC_ARC = YES;
				CLANG_ENABLE_OBJC_WEAK = YES;
				CLANG_WARN_BLOCK_CAPTURE_AUTORELEASING = YES;
				CLANG_WARN_BOOL_CONVERSION = YES;
				CLANG_WARN_COMMA = YES;
				CLANG_WARN_CONSTANT_CONVERSION = YES;
				CLANG_WARN_DEPRECATED_OBJC_IMPLEMENTATIONS = YES;
				CLANG_WARN_DIRECT_OBJC_ISA_USAGE = YES_ERROR;
				CLANG_WARN_DOCUMENTATION_COMMENTS = YES;
				CLANG_WARN_EMPTY_BODY = YES;
				CLANG_WARN_ENUM_CONVERSION = YES;
				CLANG_WARN_INFINITE_RECURSION = YES;
				CLANG_WARN_INT_CONVERSION = YES;
				CLANG_WARN_NON_LITERAL_NULL_CONVERSION = YES;
				CLANG_WARN_OBJC_IMPLICIT_RETAIN_SELF = YES;
				CLANG_WARN_OBJC_LITERAL_CONVERSION = YES;
				CLANG_WARN_OBJC_ROOT_CLASS = YES_ERROR;
				CLANG_WARN_RANGE_LOOP_ANALYSIS = YES;
				CLANG_WARN_STRICT_PROTOTYPES = YES;
				CLANG_WARN_SUSPICIOUS_MOVE = YES;
				CLANG_WARN_UNGUARDED_AVAILABILITY = YES_AGGRESSIVE;
				CLANG_WARN_UNREACHABLE_CODE = YES;
				CLANG_WARN__DUPLICATE_METHOD_MATCH = YES;
				CODE_SIGN_IDENTITY = "iPhone Developer";
				COPY_PHASE_STRIP = NO;
				DEBUG_INFORMATION_FORMAT = dwarf;
				ENABLE_STRICT_OBJC_MSGSEND = YES;
				ENABLE_TESTABILITY = YES;
				GCC_C_LANGUAGE_STANDARD = gnu11;
				GCC_DYNAMIC_NO_PIC = NO;
				GCC_NO_COMMON_BLOCKS = YES;
				GCC_OPTIMIZATION_LEVEL = 0;
				GCC_PREPROCESSOR_DEFINITIONS = (
					"DEBUG=1",
					"$(inherited)",
				);
				GCC_WARN_64_TO_32_BIT_CONVERSION = YES;
				GCC_WARN_ABOUT_RETURN_TYPE = YES_ERROR;
				GCC_WARN_UNDECLARED_SELECTOR = YES;
				GCC_WARN_UNINITIALIZED_AUTOS = YES_AGGRESSIVE;
				GCC_WARN_UNUSED_FUNCTION = YES;
				GCC_WARN_UNUSED_VARIABLE = YES;
				IPHONEOS_DEPLOYMENT_TARGET = 12.1;
				MTL_ENABLE_DEBUG_INFO = INCLUDE_SOURCE;
				MTL_FAST_MATH = YES;
				ONLY_ACTIVE_ARCH = YES;
				SDKROOT = iphoneos;
				SWIFT_ACTIVE_COMPILATION_CONDITIONS = DEBUG;
				SWIFT_OPTIMIZATION_LEVEL = "-Onone";
			};
			name = Debug;
		};
		6F214CDE21A28B01005AF982 /* Release */ = {
			isa = XCBuildConfiguration;
			buildSettings = {
				ALWAYS_SEARCH_USER_PATHS = NO;
				CLANG_ANALYZER_NONNULL = YES;
				CLANG_ANALYZER_NUMBER_OBJECT_CONVERSION = YES_AGGRESSIVE;
				CLANG_CXX_LANGUAGE_STANDARD = "gnu++14";
				CLANG_CXX_LIBRARY = "libc++";
				CLANG_ENABLE_MODULES = YES;
				CLANG_ENABLE_OBJC_ARC = YES;
				CLANG_ENABLE_OBJC_WEAK = YES;
				CLANG_WARN_BLOCK_CAPTURE_AUTORELEASING = YES;
				CLANG_WARN_BOOL_CONVERSION = YES;
				CLANG_WARN_COMMA = YES;
				CLANG_WARN_CONSTANT_CONVERSION = YES;
				CLANG_WARN_DEPRECATED_OBJC_IMPLEMENTATIONS = YES;
				CLANG_WARN_DIRECT_OBJC_ISA_USAGE = YES_ERROR;
				CLANG_WARN_DOCUMENTATION_COMMENTS = YES;
				CLANG_WARN_EMPTY_BODY = YES;
				CLANG_WARN_ENUM_CONVERSION = YES;
				CLANG_WARN_INFINITE_RECURSION = YES;
				CLANG_WARN_INT_CONVERSION = YES;
				CLANG_WARN_NON_LITERAL_NULL_CONVERSION = YES;
				CLANG_WARN_OBJC_IMPLICIT_RETAIN_SELF = YES;
				CLANG_WARN_OBJC_LITERAL_CONVERSION = YES;
				CLANG_WARN_OBJC_ROOT_CLASS = YES_ERROR;
				CLANG_WARN_RANGE_LOOP_ANALYSIS = YES;
				CLANG_WARN_STRICT_PROTOTYPES = YES;
				CLANG_WARN_SUSPICIOUS_MOVE = YES;
				CLANG_WARN_UNGUARDED_AVAILABILITY = YES_AGGRESSIVE;
				CLANG_WARN_UNREACHABLE_CODE = YES;
				CLANG_WARN__DUPLICATE_METHOD_MATCH = YES;
				CODE_SIGN_IDENTITY = "iPhone Developer";
				COPY_PHASE_STRIP = NO;
				DEBUG_INFORMATION_FORMAT = "dwarf-with-dsym";
				ENABLE_NS_ASSERTIONS = NO;
				ENABLE_STRICT_OBJC_MSGSEND = YES;
				GCC_C_LANGUAGE_STANDARD = gnu11;
				GCC_NO_COMMON_BLOCKS = YES;
				GCC_WARN_64_TO_32_BIT_CONVERSION = YES;
				GCC_WARN_ABOUT_RETURN_TYPE = YES_ERROR;
				GCC_WARN_UNDECLARED_SELECTOR = YES;
				GCC_WARN_UNINITIALIZED_AUTOS = YES_AGGRESSIVE;
				GCC_WARN_UNUSED_FUNCTION = YES;
				GCC_WARN_UNUSED_VARIABLE = YES;
				IPHONEOS_DEPLOYMENT_TARGET = 12.1;
				MTL_ENABLE_DEBUG_INFO = NO;
				MTL_FAST_MATH = YES;
				SDKROOT = iphoneos;
				SWIFT_COMPILATION_MODE = wholemodule;
				SWIFT_OPTIMIZATION_LEVEL = "-O";
				VALIDATE_PRODUCT = YES;
			};
			name = Release;
		};
		6F214CE021A28B01005AF982 /* Debug */ = {
			isa = XCBuildConfiguration;
			buildSettings = {
				ASSETCATALOG_COMPILER_APPICON_NAME = AppIcon;
				CODE_SIGN_STYLE = Automatic;
				DEVELOPMENT_TEAM = WJA3TXPFS7;
				INFOPLIST_FILE = InteractiveWalkThrough/Info.plist;
				LD_RUNPATH_SEARCH_PATHS = (
					"$(inherited)",
					"@executable_path/Frameworks",
				);
				PRODUCT_BUNDLE_IDENTIFIER = com.Wis.InteractiveWalkThrough;
				PRODUCT_NAME = "$(TARGET_NAME)";
				SWIFT_VERSION = 4.2;
				TARGETED_DEVICE_FAMILY = "1,2";
			};
			name = Debug;
		};
		6F214CE121A28B01005AF982 /* Release */ = {
			isa = XCBuildConfiguration;
			buildSettings = {
				ASSETCATALOG_COMPILER_APPICON_NAME = AppIcon;
				CODE_SIGN_STYLE = Automatic;
				DEVELOPMENT_TEAM = WJA3TXPFS7;
				INFOPLIST_FILE = InteractiveWalkThrough/Info.plist;
				LD_RUNPATH_SEARCH_PATHS = (
					"$(inherited)",
					"@executable_path/Frameworks",
				);
				PRODUCT_BUNDLE_IDENTIFIER = com.Wis.InteractiveWalkThrough;
				PRODUCT_NAME = "$(TARGET_NAME)";
				SWIFT_VERSION = 4.2;
				TARGETED_DEVICE_FAMILY = "1,2";
			};
			name = Release;
		};
/* End XCBuildConfiguration section */

/* Begin XCConfigurationList section */
		6F214CC821A28AED005AF982 /* Build configuration list for PBXProject "InteractiveWalkThrough" */ = {
			isa = XCConfigurationList;
			buildConfigurations = (
				6F214CDD21A28B01005AF982 /* Debug */,
				6F214CDE21A28B01005AF982 /* Release */,
			);
			defaultConfigurationIsVisible = 0;
			defaultConfigurationName = Release;
		};
		6F214CDF21A28B01005AF982 /* Build configuration list for PBXNativeTarget "InteractiveWalkThrough" */ = {
			isa = XCConfigurationList;
			buildConfigurations = (
				6F214CE021A28B01005AF982 /* Debug */,
				6F214CE121A28B01005AF982 /* Release */,
			);
			defaultConfigurationIsVisible = 0;
			defaultConfigurationName = Release;
		};
/* End XCConfigurationList section */
	};
	rootObject = 6F214CC521A28AED005AF982 /* Project object */;
}
